
Microsoft Visual Studio Solution File, Format Version 12.00
# Visual Studio Version 17
VisualStudioVersion = 17.4.33205.214
MinimumVisualStudioVersion = 10.0.40219.1
Project("{9A19103F-16F7-4668-BE54-9A1E7A4F7556}") = "Cars", "Cars\Cars.csproj", "{6FE32471-C08F-4EEE-9B07-412598AC8B42}"
EndProject
Project("{9A19103F-16F7-4668-BE54-9A1E7A4F7556}") = "DirEx", "DirEx\DirEx.csproj", "{4D1B59D8-0E89-4506-9950-550E21E29D6C}"
EndProject
Project("{9A19103F-16F7-4668-BE54-9A1E7A4F7556}") = "Day2_Ex", "Day2_Ex\Day2_Ex.csproj", "{FE542707-11E6-423B-9B59-EE7460CFEB77}"
EndProject
Project("{9A19103F-16F7-4668-BE54-9A1E7A4F7556}") = "DI", "DI\DI.csproj", "{12D0C4A0-2169-42AF-97F4-FD44EB05ED3C}"
EndProject
Project("{9A19103F-16F7-4668-BE54-9A1E7A4F7556}") = "AutoFac_DI", "AutoFac_DI\AutoFac_DI.csproj", "{D99D65D2-85A8-4AE0-AF0B-F46062A98D0D}"
EndProject
Project("{9A19103F-16F7-4668-BE54-9A1E7A4F7556}") = "APIexercises", "APIexercises\APIexercises.csproj", "{B5870FAE-D628-4C5F-B67C-6990F985F2C3}"
EndProject
Project("{9A19103F-16F7-4668-BE54-9A1E7A4F7556}") = "Server", "Server\Server.csproj", "{3B071F4F-2427-4D75-AFC9-98DD6C08E579}"
EndProject
Project("{9A19103F-16F7-4668-BE54-9A1E7A4F7556}") = "Shared", "Shared\Shared.csproj", "{F3A13178-CDE7-4536-A478-8CFD1024709F}"
EndProject
Project("{9A19103F-16F7-4668-BE54-9A1E7A4F7556}") = "Client", "Client\Client.csproj", "{A2409077-264C-43B3-ACC6-0BF0BE90B23B}"
EndProject
Project("{9A19103F-16F7-4668-BE54-9A1E7A4F7556}") = "AsyncEx", "AsyncEx\AsyncEx.csproj", "{17E481BC-E3BD-43D8-846D-7F75F72E9554}"
EndProject
Project("{9A19103F-16F7-4668-BE54-9A1E7A4F7556}") = "SOLID", "SOLID\SOLID.csproj", "{4BD71D3C-667C-4C9A-A571-E0A0822484E7}"
EndProject
Project("{9A19103F-16F7-4668-BE54-9A1E7A4F7556}") = "Calc", "Calc\Calc.csproj", "{A711DF2C-7195-4DDB-9EC6-C8EB6FEB126C}"
EndProject
Project("{9A19103F-16F7-4668-BE54-9A1E7A4F7556}") = "WebTest", "WebTest\WebTest.csproj", "{6E744152-08D4-4AE4-9F7A-D59E792872C3}"
EndProject
Project("{9A19103F-16F7-4668-BE54-9A1E7A4F7556}") = "Core", "Core\Core.csproj", "{71469701-A5D9-48BE-BC9B-72B4A945764A}"
EndProject
Project("{9A19103F-16F7-4668-BE54-9A1E7A4F7556}") = "WebTest.Test", "WebTest.Test\WebTest.Test.csproj", "{9ED0FFBE-B988-4480-AE26-821ACA96596C}"
EndProject
Project("{FAE04EC0-301F-11D3-BF4B-00C04F79EFBC}") = "TestNinja", "TestNinja\TestNinja.csproj", "{8C12B5C0-09C8-4BAF-B925-90DDDB2D0588}"
EndProject
Project("{FAE04EC0-301F-11D3-BF4B-00C04F79EFBC}") = "TestNinja.UnitTest", "TestNinja.UnitTest\TestNinja.UnitTest.csproj", "{16084C6C-B478-4E16-9537-D61B641AEA68}"
EndProject
Global
	GlobalSection(SolutionConfigurationPlatforms) = preSolution
		Debug|Any CPU = Debug|Any CPU
		Release|Any CPU = Release|Any CPU
	EndGlobalSection
	GlobalSection(ProjectConfigurationPlatforms) = postSolution
		{6FE32471-C08F-4EEE-9B07-412598AC8B42}.Debug|Any CPU.ActiveCfg = Debug|Any CPU
		{6FE32471-C08F-4EEE-9B07-412598AC8B42}.Debug|Any CPU.Build.0 = Debug|Any CPU
		{6FE32471-C08F-4EEE-9B07-412598AC8B42}.Release|Any CPU.ActiveCfg = Release|Any CPU
		{6FE32471-C08F-4EEE-9B07-412598AC8B42}.Release|Any CPU.Build.0 = Release|Any CPU
		{4D1B59D8-0E89-4506-9950-550E21E29D6C}.Debug|Any CPU.ActiveCfg = Debug|Any CPU
		{4D1B59D8-0E89-4506-9950-550E21E29D6C}.Debug|Any CPU.Build.0 = Debug|Any CPU
		{4D1B59D8-0E89-4506-9950-550E21E29D6C}.Release|Any CPU.ActiveCfg = Release|Any CPU
		{4D1B59D8-0E89-4506-9950-550E21E29D6C}.Release|Any CPU.Build.0 = Release|Any CPU
		{FE542707-11E6-423B-9B59-EE7460CFEB77}.Debug|Any CPU.ActiveCfg = Debug|Any CPU
		{FE542707-11E6-423B-9B59-EE7460CFEB77}.Debug|Any CPU.Build.0 = Debug|Any CPU
		{FE542707-11E6-423B-9B59-EE7460CFEB77}.Release|Any CPU.ActiveCfg = Release|Any CPU
		{FE542707-11E6-423B-9B59-EE7460CFEB77}.Release|Any CPU.Build.0 = Release|Any CPU
		{12D0C4A0-2169-42AF-97F4-FD44EB05ED3C}.Debug|Any CPU.ActiveCfg = Debug|Any CPU
		{12D0C4A0-2169-42AF-97F4-FD44EB05ED3C}.Debug|Any CPU.Build.0 = Debug|Any CPU
		{12D0C4A0-2169-42AF-97F4-FD44EB05ED3C}.Release|Any CPU.ActiveCfg = Release|Any CPU
		{12D0C4A0-2169-42AF-97F4-FD44EB05ED3C}.Release|Any CPU.Build.0 = Release|Any CPU
		{D99D65D2-85A8-4AE0-AF0B-F46062A98D0D}.Debug|Any CPU.ActiveCfg = Debug|Any CPU
		{D99D65D2-85A8-4AE0-AF0B-F46062A98D0D}.Debug|Any CPU.Build.0 = Debug|Any CPU
		{D99D65D2-85A8-4AE0-AF0B-F46062A98D0D}.Release|Any CPU.ActiveCfg = Release|Any CPU
		{D99D65D2-85A8-4AE0-AF0B-F46062A98D0D}.Release|Any CPU.Build.0 = Release|Any CPU
		{B5870FAE-D628-4C5F-B67C-6990F985F2C3}.Debug|Any CPU.ActiveCfg = Debug|Any CPU
		{B5870FAE-D628-4C5F-B67C-6990F985F2C3}.Debug|Any CPU.Build.0 = Debug|Any CPU
		{B5870FAE-D628-4C5F-B67C-6990F985F2C3}.Release|Any CPU.ActiveCfg = Release|Any CPU
		{B5870FAE-D628-4C5F-B67C-6990F985F2C3}.Release|Any CPU.Build.0 = Release|Any CPU
		{3B071F4F-2427-4D75-AFC9-98DD6C08E579}.Debug|Any CPU.ActiveCfg = Debug|Any CPU
		{3B071F4F-2427-4D75-AFC9-98DD6C08E579}.Debug|Any CPU.Build.0 = Debug|Any CPU
		{3B071F4F-2427-4D75-AFC9-98DD6C08E579}.Release|Any CPU.ActiveCfg = Release|Any CPU
		{3B071F4F-2427-4D75-AFC9-98DD6C08E579}.Release|Any CPU.Build.0 = Release|Any CPU
		{F3A13178-CDE7-4536-A478-8CFD1024709F}.Debug|Any CPU.ActiveCfg = Debug|Any CPU
		{F3A13178-CDE7-4536-A478-8CFD1024709F}.Debug|Any CPU.Build.0 = Debug|Any CPU
		{F3A13178-CDE7-4536-A478-8CFD1024709F}.Release|Any CPU.ActiveCfg = Release|Any CPU
		{F3A13178-CDE7-4536-A478-8CFD1024709F}.Release|Any CPU.Build.0 = Release|Any CPU
		{A2409077-264C-43B3-ACC6-0BF0BE90B23B}.Debug|Any CPU.ActiveCfg = Debug|Any CPU
		{A2409077-264C-43B3-ACC6-0BF0BE90B23B}.Debug|Any CPU.Build.0 = Debug|Any CPU
		{A2409077-264C-43B3-ACC6-0BF0BE90B23B}.Release|Any CPU.ActiveCfg = Release|Any CPU
		{A2409077-264C-43B3-ACC6-0BF0BE90B23B}.Release|Any CPU.Build.0 = Release|Any CPU
		{17E481BC-E3BD-43D8-846D-7F75F72E9554}.Debug|Any CPU.ActiveCfg = Debug|Any CPU
		{17E481BC-E3BD-43D8-846D-7F75F72E9554}.Debug|Any CPU.Build.0 = Debug|Any CPU
		{17E481BC-E3BD-43D8-846D-7F75F72E9554}.Release|Any CPU.ActiveCfg = Release|Any CPU
		{17E481BC-E3BD-43D8-846D-7F75F72E9554}.Release|Any CPU.Build.0 = Release|Any CPU
		{4BD71D3C-667C-4C9A-A571-E0A0822484E7}.Debug|Any CPU.ActiveCfg = Debug|Any CPU
		{4BD71D3C-667C-4C9A-A571-E0A0822484E7}.Debug|Any CPU.Build.0 = Debug|Any CPU
		{4BD71D3C-667C-4C9A-A571-E0A0822484E7}.Release|Any CPU.ActiveCfg = Release|Any CPU
		{4BD71D3C-667C-4C9A-A571-E0A0822484E7}.Release|Any CPU.Build.0 = Release|Any CPU
		{A711DF2C-7195-4DDB-9EC6-C8EB6FEB126C}.Debug|Any CPU.ActiveCfg = Debug|Any CPU
		{A711DF2C-7195-4DDB-9EC6-C8EB6FEB126C}.Debug|Any CPU.Build.0 = Debug|Any CPU
		{A711DF2C-7195-4DDB-9EC6-C8EB6FEB126C}.Release|Any CPU.ActiveCfg = Release|Any CPU
		{A711DF2C-7195-4DDB-9EC6-C8EB6FEB126C}.Release|Any CPU.Build.0 = Release|Any CPU
		{6E744152-08D4-4AE4-9F7A-D59E792872C3}.Debug|Any CPU.ActiveCfg = Debug|Any CPU
		{6E744152-08D4-4AE4-9F7A-D59E792872C3}.Debug|Any CPU.Build.0 = Debug|Any CPU
		{6E744152-08D4-4AE4-9F7A-D59E792872C3}.Release|Any CPU.ActiveCfg = Release|Any CPU
		{6E744152-08D4-4AE4-9F7A-D59E792872C3}.Release|Any CPU.Build.0 = Release|Any CPU
		{71469701-A5D9-48BE-BC9B-72B4A945764A}.Debug|Any CPU.ActiveCfg = Debug|Any CPU
		{71469701-A5D9-48BE-BC9B-72B4A945764A}.Debug|Any CPU.Build.0 = Debug|Any CPU
		{71469701-A5D9-48BE-BC9B-72B4A945764A}.Release|Any CPU.ActiveCfg = Release|Any CPU
		{71469701-A5D9-48BE-BC9B-72B4A945764A}.Release|Any CPU.Build.0 = Release|Any CPU
		{9ED0FFBE-B988-4480-AE26-821ACA96596C}.Debug|Any CPU.ActiveCfg = Debug|Any CPU
		{9ED0FFBE-B988-4480-AE26-821ACA96596C}.Debug|Any CPU.Build.0 = Debug|Any CPU
		{9ED0FFBE-B988-4480-AE26-821ACA96596C}.Release|Any CPU.ActiveCfg = Release|Any CPU
		{9ED0FFBE-B988-4480-AE26-821ACA96596C}.Release|Any CPU.Build.0 = Release|Any CPU
		{8C12B5C0-09C8-4BAF-B925-90DDDB2D0588}.Debug|Any CPU.ActiveCfg = Debug|Any CPU
		{8C12B5C0-09C8-4BAF-B925-90DDDB2D0588}.Debug|Any CPU.Build.0 = Debug|Any CPU
		{8C12B5C0-09C8-4BAF-B925-90DDDB2D0588}.Release|Any CPU.ActiveCfg = Release|Any CPU
		{8C12B5C0-09C8-4BAF-B925-90DDDB2D0588}.Release|Any CPU.Build.0 = Release|Any CPU
		{16084C6C-B478-4E16-9537-D61B641AEA68}.Debug|Any CPU.ActiveCfg = Debug|Any CPU
		{16084C6C-B478-4E16-9537-D61B641AEA68}.Debug|Any CPU.Build.0 = Debug|Any CPU
		{16084C6C-B478-4E16-9537-D61B641AEA68}.Release|Any CPU.ActiveCfg = Release|Any CPU
		{16084C6C-B478-4E16-9537-D61B641AEA68}.Release|Any CPU.Build.0 = Release|Any CPU
	EndGlobalSection
	GlobalSection(SolutionProperties) = preSolution
		HideSolutionNode = FALSE
	EndGlobalSection
	GlobalSection(ExtensibilityGlobals) = postSolution
		SolutionGuid = {CDA72374-7F9A-41F2-87BA-4A541426C2AD}
	EndGlobalSection
EndGlobal
